
Microsoft Visual Studio Solution File, Format Version 12.00
# Visual Studio Version 16
VisualStudioVersion = 16.0.31605.320
MinimumVisualStudioVersion = 10.0.40219.1
Project("{9A19103F-16F7-4668-BE54-9A1E7A4F7556}") = "RunSpecflowTests", "RunSpecflowTests\RunSpecflowTests.csproj", "{AE603549-94F5-4F84-AE14-5ABCFC58A8C9}"
EndProject
Project("{2150E333-8FDC-42A3-9474-1A3956D46DE8}") = "Solution Items", "Solution Items", "{C7AA17EA-DC20-456A-8035-F57942C911DD}"
	ProjectSection(SolutionItems) = preProject
		.gitignore = .gitignore
		action.yml = action.yml
		.github\workflows\dotnetcore.yml = .github\workflows\dotnetcore.yml
		LICENSE.md = LICENSE.md
		README.md = README.md
	EndProjectSection
EndProject
Global
	GlobalSection(SolutionConfigurationPlatforms) = preSolution
		Debug|Any CPU = Debug|Any CPU
		Release|Any CPU = Release|Any CPU
	EndGlobalSection
	GlobalSection(ProjectConfigurationPlatforms) = postSolution
		{AE603549-94F5-4F84-AE14-5ABCFC58A8C9}.Debug|Any CPU.ActiveCfg = Debug|Any CPU
		{AE603549-94F5-4F84-AE14-5ABCFC58A8C9}.Debug|Any CPU.Build.0 = Debug|Any CPU
		{AE603549-94F5-4F84-AE14-5ABCFC58A8C9}.Release|Any CPU.ActiveCfg = Release|Any CPU
		{AE603549-94F5-4F84-AE14-5ABCFC58A8C9}.Release|Any CPU.Build.0 = Release|Any CPU
	EndGlobalSection
	GlobalSection(SolutionProperties) = preSolution
		HideSolutionNode = FALSE
	EndGlobalSection
	GlobalSection(ExtensibilityGlobals) = postSolution
		SolutionGuid = {A450A81D-235B-4F0E-9117-AB06E3E9CDFB}
	EndGlobalSection
EndGlobal
